
Microsoft Visual Studio Solution File, Format Version 12.00
# Visual Studio Version 17
VisualStudioVersion = 17.4.33213.308
MinimumVisualStudioVersion = 10.0.40219.1
Project("{FAE04EC0-301F-11D3-BF4B-00C04F79EFBC}") = "matice2", "matice2\matice2.csproj", "{CA26B7BE-750C-478D-8BBD-196C589C90D0}"
EndProject
Global
	GlobalSection(SolutionConfigurationPlatforms) = preSolution
		Debug|Any CPU = Debug|Any CPU
		Release|Any CPU = Release|Any CPU
	EndGlobalSection
	GlobalSection(ProjectConfigurationPlatforms) = postSolution
		{CA26B7BE-750C-478D-8BBD-196C589C90D0}.Debug|Any CPU.ActiveCfg = Debug|Any CPU
		{CA26B7BE-750C-478D-8BBD-196C589C90D0}.Debug|Any CPU.Build.0 = Debug|Any CPU
		{CA26B7BE-750C-478D-8BBD-196C589C90D0}.Release|Any CPU.ActiveCfg = Release|Any CPU
		{CA26B7BE-750C-478D-8BBD-196C589C90D0}.Release|Any CPU.Build.0 = Release|Any CPU
	EndGlobalSection
	GlobalSection(SolutionProperties) = preSolution
		HideSolutionNode = FALSE
	EndGlobalSection
	GlobalSection(ExtensibilityGlobals) = postSolution
		SolutionGuid = {038D6CA9-A952-437C-B10C-F869F9147AFA}
	EndGlobalSection
EndGlobal
