
Microsoft Visual Studio Solution File, Format Version 12.00
# Visual Studio Version 17
VisualStudioVersion = 17.4.33213.308
MinimumVisualStudioVersion = 10.0.40219.1
Project("{FAE04EC0-301F-11D3-BF4B-00C04F79EFBC}") = "Tetris", "Tetris\Tetris.csproj", "{DECAE6AE-512E-4422-8985-ADC34782A017}"
EndProject
Global
	GlobalSection(SolutionConfigurationPlatforms) = preSolution
		Debug|Any CPU = Debug|Any CPU
		Release|Any CPU = Release|Any CPU
	EndGlobalSection
	GlobalSection(ProjectConfigurationPlatforms) = postSolution
		{DECAE6AE-512E-4422-8985-ADC34782A017}.Debug|Any CPU.ActiveCfg = Debug|Any CPU
		{DECAE6AE-512E-4422-8985-ADC34782A017}.Debug|Any CPU.Build.0 = Debug|Any CPU
		{DECAE6AE-512E-4422-8985-ADC34782A017}.Release|Any CPU.ActiveCfg = Release|Any CPU
		{DECAE6AE-512E-4422-8985-ADC34782A017}.Release|Any CPU.Build.0 = Release|Any CPU
	EndGlobalSection
	GlobalSection(SolutionProperties) = preSolution
		HideSolutionNode = FALSE
	EndGlobalSection
	GlobalSection(ExtensibilityGlobals) = postSolution
		SolutionGuid = {018585DC-F966-4C7E-BB47-774024A1D735}
	EndGlobalSection
EndGlobal
